
Microsoft Visual Studio Solution File, Format Version 12.00
# Visual Studio Version 17
VisualStudioVersion = 17.0.31903.59
MinimumVisualStudioVersion = 10.0.40219.1
Project("{FAE04EC0-301F-11D3-BF4B-00C04F79EFBC}") = "UseCase", "UseCase\UseCase.csproj", "{71608862-BDDD-4489-A2A2-9E45508791AB}"
EndProject
Project("{FAE04EC0-301F-11D3-BF4B-00C04F79EFBC}") = "Lib", "Lib\Lib.csproj", "{15D19A35-0E4E-4462-9D24-A1FB19DAFCD0}"
EndProject
Project("{FAE04EC0-301F-11D3-BF4B-00C04F79EFBC}") = "Domain", "Domain\Domain.csproj", "{BABD7D5E-CDA7-4EDC-B80F-5B297288859E}"
EndProject
Project("{FAE04EC0-301F-11D3-BF4B-00C04F79EFBC}") = "InMemoryInfrastructure", "InMemoryInfrastructure\InMemoryInfrastructure.csproj", "{CC471AB4-B7A3-4495-BEAD-110DA17AF013}"
EndProject
Project("{FAE04EC0-301F-11D3-BF4B-00C04F79EFBC}") = "ConsoleApp", "ConsoleApp\ConsoleApp.csproj", "{55B3013A-4AFC-4987-A523-2D78E43DBFF2}"
EndProject
Project("{FAE04EC0-301F-11D3-BF4B-00C04F79EFBC}") = "Domain.Tests", "Domain.Tests\Domain.Tests.csproj", "{4C1B57E1-3DB5-4402-A0F7-57CDDFF79A5C}"
EndProject
Global
	GlobalSection(SolutionConfigurationPlatforms) = preSolution
		Debug|Any CPU = Debug|Any CPU
		Release|Any CPU = Release|Any CPU
	EndGlobalSection
	GlobalSection(ProjectConfigurationPlatforms) = postSolution
		{71608862-BDDD-4489-A2A2-9E45508791AB}.Debug|Any CPU.ActiveCfg = Debug|Any CPU
		{71608862-BDDD-4489-A2A2-9E45508791AB}.Debug|Any CPU.Build.0 = Debug|Any CPU
		{71608862-BDDD-4489-A2A2-9E45508791AB}.Release|Any CPU.ActiveCfg = Release|Any CPU
		{71608862-BDDD-4489-A2A2-9E45508791AB}.Release|Any CPU.Build.0 = Release|Any CPU
		{15D19A35-0E4E-4462-9D24-A1FB19DAFCD0}.Debug|Any CPU.ActiveCfg = Debug|Any CPU
		{15D19A35-0E4E-4462-9D24-A1FB19DAFCD0}.Debug|Any CPU.Build.0 = Debug|Any CPU
		{15D19A35-0E4E-4462-9D24-A1FB19DAFCD0}.Release|Any CPU.ActiveCfg = Release|Any CPU
		{15D19A35-0E4E-4462-9D24-A1FB19DAFCD0}.Release|Any CPU.Build.0 = Release|Any CPU
		{BABD7D5E-CDA7-4EDC-B80F-5B297288859E}.Debug|Any CPU.ActiveCfg = Debug|Any CPU
		{BABD7D5E-CDA7-4EDC-B80F-5B297288859E}.Debug|Any CPU.Build.0 = Debug|Any CPU
		{BABD7D5E-CDA7-4EDC-B80F-5B297288859E}.Release|Any CPU.ActiveCfg = Release|Any CPU
		{BABD7D5E-CDA7-4EDC-B80F-5B297288859E}.Release|Any CPU.Build.0 = Release|Any CPU
		{CC471AB4-B7A3-4495-BEAD-110DA17AF013}.Debug|Any CPU.ActiveCfg = Debug|Any CPU
		{CC471AB4-B7A3-4495-BEAD-110DA17AF013}.Debug|Any CPU.Build.0 = Debug|Any CPU
		{CC471AB4-B7A3-4495-BEAD-110DA17AF013}.Release|Any CPU.ActiveCfg = Release|Any CPU
		{CC471AB4-B7A3-4495-BEAD-110DA17AF013}.Release|Any CPU.Build.0 = Release|Any CPU
		{55B3013A-4AFC-4987-A523-2D78E43DBFF2}.Debug|Any CPU.ActiveCfg = Debug|Any CPU
		{55B3013A-4AFC-4987-A523-2D78E43DBFF2}.Debug|Any CPU.Build.0 = Debug|Any CPU
		{55B3013A-4AFC-4987-A523-2D78E43DBFF2}.Release|Any CPU.ActiveCfg = Release|Any CPU
		{55B3013A-4AFC-4987-A523-2D78E43DBFF2}.Release|Any CPU.Build.0 = Release|Any CPU
		{4C1B57E1-3DB5-4402-A0F7-57CDDFF79A5C}.Debug|Any CPU.ActiveCfg = Debug|Any CPU
		{4C1B57E1-3DB5-4402-A0F7-57CDDFF79A5C}.Debug|Any CPU.Build.0 = Debug|Any CPU
		{4C1B57E1-3DB5-4402-A0F7-57CDDFF79A5C}.Release|Any CPU.ActiveCfg = Release|Any CPU
		{4C1B57E1-3DB5-4402-A0F7-57CDDFF79A5C}.Release|Any CPU.Build.0 = Release|Any CPU
	EndGlobalSection
	GlobalSection(SolutionProperties) = preSolution
		HideSolutionNode = FALSE
	EndGlobalSection
EndGlobal
